// !$*UTF8*$!
{
	archiveVersion = 1;
	classes = {
	};
	objectVersion = 77;
	objects = {

/* Begin PBXBuildFile section */
		018090CA9FF0C8F267299C16 /* MenuBarView.swift in Sources */ = {isa = PBXBuildFile; fileRef = 9A3C84DE27ACEBF592F6E293 /* MenuBarView.swift */; };
		22B253B8C4A3761541D0AB8B /* DiskMonitor.swift in Sources */ = {isa = PBXBuildFile; fileRef = FBB85D4F410DB993259F6B75 /* DiskMonitor.swift */; };
		3844D4C76DEF0E4C468E7895 /* Assets.xcassets in Resources */ = {isa = PBXBuildFile; fileRef = 3C7C5D0780B9C240846EBE9B /* Assets.xcassets */; };
		46036BF1E3C271603B9A84A8 /* SettingsView.swift in Sources */ = {isa = PBXBuildFile; fileRef = 05880C1A4AD1B6DE0193BF8D /* SettingsView.swift */; };
		69F10220991ECB54AFAB19E7 /* SpessuApp.swift in Sources */ = {isa = PBXBuildFile; fileRef = 46DFD33A397B0D9B5D0A52A8 /* SpessuApp.swift */; };
		D357766B9D560CFCB8F38E0A /* PopoverView.swift in Sources */ = {isa = PBXBuildFile; fileRef = CF94EE055EDCD8AA6D8F2E02 /* PopoverView.swift */; };
/* End PBXBuildFile section */

/* Begin PBXFileReference section */
		05880C1A4AD1B6DE0193BF8D /* SettingsView.swift */ = {isa = PBXFileReference; lastKnownFileType = sourcecode.swift; path = SettingsView.swift; sourceTree = "<group>"; };
		10E1764A4F34304AB2013DCA /* Info.plist */ = {isa = PBXFileReference; lastKnownFileType = text.plist; path = Info.plist; sourceTree = "<group>"; };
		186DC95985968CC5180B5AFA /* Spessu.app */ = {isa = PBXFileReference; explicitFileType = wrapper.application; includeInIndex = 0; path = Spessu.app; sourceTree = BUILT_PRODUCTS_DIR; };
		3C7C5D0780B9C240846EBE9B /* Assets.xcassets */ = {isa = PBXFileReference; lastKnownFileType = folder.assetcatalog; path = Assets.xcassets; sourceTree = "<group>"; };
		46DFD33A397B0D9B5D0A52A8 /* SpessuApp.swift */ = {isa = PBXFileReference; lastKnownFileType = sourcecode.swift; path = SpessuApp.swift; sourceTree = "<group>"; };
		9A3C84DE27ACEBF592F6E293 /* MenuBarView.swift */ = {isa = PBXFileReference; lastKnownFileType = sourcecode.swift; path = MenuBarView.swift; sourceTree = "<group>"; };
		AABEB268D1A42046232041D6 /* Spessu.entitlements */ = {isa = PBXFileReference; lastKnownFileType = text.plist.entitlements; path = Spessu.entitlements; sourceTree = "<group>"; };
		CF94EE055EDCD8AA6D8F2E02 /* PopoverView.swift */ = {isa = PBXFileReference; lastKnownFileType = sourcecode.swift; path = PopoverView.swift; sourceTree = "<group>"; };
		FBB85D4F410DB993259F6B75 /* DiskMonitor.swift */ = {isa = PBXFileReference; lastKnownFileType = sourcecode.swift; path = DiskMonitor.swift; sourceTree = "<group>"; };
/* End PBXFileReference section */

/* Begin PBXGroup section */
		777E1E125ADCBE3B6CA03FC0 /* Spessu */ = {
			isa = PBXGroup;
			children = (
				3C7C5D0780B9C240846EBE9B /* Assets.xcassets */,
				FBB85D4F410DB993259F6B75 /* DiskMonitor.swift */,
				10E1764A4F34304AB2013DCA /* Info.plist */,
				9A3C84DE27ACEBF592F6E293 /* MenuBarView.swift */,
				CF94EE055EDCD8AA6D8F2E02 /* PopoverView.swift */,
				05880C1A4AD1B6DE0193BF8D /* SettingsView.swift */,
				AABEB268D1A42046232041D6 /* Spessu.entitlements */,
				46DFD33A397B0D9B5D0A52A8 /* SpessuApp.swift */,
			);
			path = Spessu;
			sourceTree = "<group>";
		};
		9BE17D6D599DE2909084E5CB = {
			isa = PBXGroup;
			children = (
				777E1E125ADCBE3B6CA03FC0 /* Spessu */,
				C67C01A588F0269523327577 /* Products */,
			);
			sourceTree = "<group>";
		};
		C67C01A588F0269523327577 /* Products */ = {
			isa = PBXGroup;
			children = (
				186DC95985968CC5180B5AFA /* Spessu.app */,
			);
			name = Products;
			sourceTree = "<group>";
		};
/* End PBXGroup section */

/* Begin PBXNativeTarget section */
		D869FB8F9727FA5F712195D1 /* Spessu */ = {
			isa = PBXNativeTarget;
			buildConfigurationList = 3B72F9B675B089E1FA8709DA /* Build configuration list for PBXNativeTarget "Spessu" */;
			buildPhases = (
				57312CD72BF7129BDD34157A /* Sources */,
				83D670A0F0AD6F3BC2278F25 /* Resources */,
			);
			buildRules = (
			);
			dependencies = (
			);
			name = Spessu;
			packageProductDependencies = (
			);
			productName = Spessu;
			productReference = 186DC95985968CC5180B5AFA /* Spessu.app */;
			productType = "com.apple.product-type.application";
		};
/* End PBXNativeTarget section */

/* Begin PBXProject section */
		7E3426972DF103E9BCF85E0A /* Project object */ = {
			isa = PBXProject;
			attributes = {
				BuildIndependentTargetsInParallel = YES;
				LastUpgradeCheck = 1600;
				TargetAttributes = {
					D869FB8F9727FA5F712195D1 = {
						DevelopmentTeam = "";
						ProvisioningStyle = Automatic;
					};
				};
			};
			buildConfigurationList = B950FC36B463A9D4D2A44F79 /* Build configuration list for PBXProject "Spessu" */;
			compatibilityVersion = "Xcode 14.0";
			developmentRegion = en;
			hasScannedForEncodings = 0;
			knownRegions = (
				Base,
				en,
			);
			mainGroup = 9BE17D6D599DE2909084E5CB;
			minimizedProjectReferenceProxies = 1;
			preferredProjectObjectVersion = 77;
			projectDirPath = "";
			projectRoot = "";
			targets = (
				D869FB8F9727FA5F712195D1 /* Spessu */,
			);
		};
/* End PBXProject section */

/* Begin PBXResourcesBuildPhase section */
		83D670A0F0AD6F3BC2278F25 /* Resources */ = {
			isa = PBXResourcesBuildPhase;
			buildActionMask = 2147483647;
			files = (
				3844D4C76DEF0E4C468E7895 /* Assets.xcassets in Resources */,
			);
			runOnlyForDeploymentPostprocessing = 0;
		};
/* End PBXResourcesBuildPhase section */

/* Begin PBXSourcesBuildPhase section */
		57312CD72BF7129BDD34157A /* Sources */ = {
			isa = PBXSourcesBuildPhase;
			buildActionMask = 2147483647;
			files = (
				22B253B8C4A3761541D0AB8B /* DiskMonitor.swift in Sources */,
				018090CA9FF0C8F267299C16 /* MenuBarView.swift in Sources */,
				D357766B9D560CFCB8F38E0A /* PopoverView.swift in Sources */,
				46036BF1E3C271603B9A84A8 /* SettingsView.swift in Sources */,
				69F10220991ECB54AFAB19E7 /* SpessuApp.swift in Sources */,
			);
			runOnlyForDeploymentPostprocessing = 0;
		};
/* End PBXSourcesBuildPhase section */

/* Begin XCBuildConfiguration section */
		09DD27B876867C8A10E3210D /* Release */ = {
			isa = XCBuildConfiguration;
			buildSettings = {
				ASSETCATALOG_COMPILER_APPICON_NAME = AppIcon;
				CODE_SIGN_ENTITLEMENTS = Spessu/Spessu.entitlements;
				CODE_SIGN_STYLE = Automatic;
				COMBINE_HIDPI_IMAGES = YES;
				DEVELOPMENT_TEAM = "";
				ENABLE_HARDENED_RUNTIME = YES;
				INFOPLIST_FILE = Spessu/Info.plist;
				LD_RUNPATH_SEARCH_PATHS = (
					"$(inherited)",
					"@executable_path/../Frameworks",
				);
				PRODUCT_BUNDLE_IDENTIFIER = com.spessu.app;
				PRODUCT_NAME = Spessu;
				SDKROOT = macosx;
			};
			name = Release;
		};
		0F2C9538AF173DE3A51BC3C5 /* Debug */ = {
			isa = XCBuildConfiguration;
			buildSettings = {
				ASSETCATALOG_COMPILER_APPICON_NAME = AppIcon;
				CODE_SIGN_ENTITLEMENTS = Spessu/Spessu.entitlements;
				CODE_SIGN_STYLE = Automatic;
				COMBINE_HIDPI_IMAGES = YES;
				DEVELOPMENT_TEAM = "";
				ENABLE_HARDENED_RUNTIME = YES;
				INFOPLIST_FILE = Spessu/Info.plist;
				LD_RUNPATH_SEARCH_PATHS = (
					"$(inherited)",
					"@executable_path/../Frameworks",
				);
				PRODUCT_BUNDLE_IDENTIFIER = com.spessu.app;
				PRODUCT_NAME = Spessu;
				SDKROOT = macosx;
			};
			name = Debug;
		};
		5DDBB30134F55569DB1C37C1 /* Debug */ = {
			isa = XCBuildConfiguration;
			buildSettings = {
				ALWAYS_SEARCH_USER_PATHS = NO;
				ARCHS = arm64;
				CLANG_ANALYZER_NONNULL = YES;
				CLANG_ANALYZER_NUMBER_OBJECT_CONVERSION = YES_AGGRESSIVE;
				CLANG_CXX_LANGUAGE_STANDARD = "gnu++14";
				CLANG_CXX_LIBRARY = "libc++";
				CLANG_ENABLE_MODULES = YES;
				CLANG_ENABLE_OBJC_ARC = YES;
				CLANG_ENABLE_OBJC_WEAK = YES;
				CLANG_WARN_BLOCK_CAPTURE_AUTORELEASING = YES;
				CLANG_WARN_BOOL_CONVERSION = YES;
				CLANG_WARN_COMMA = YES;
				CLANG_WARN_CONSTANT_CONVERSION = YES;
				CLANG_WARN_DEPRECATED_OBJC_IMPLEMENTATIONS = YES;
				CLANG_WARN_DIRECT_OBJC_ISA_USAGE = YES_ERROR;
				CLANG_WARN_DOCUMENTATION_COMMENTS = YES;
				CLANG_WARN_EMPTY_BODY = YES;
				CLANG_WARN_ENUM_CONVERSION = YES;
				CLANG_WARN_INFINITE_RECURSION = YES;
				CLANG_WARN_INT_CONVERSION = YES;
				CLANG_WARN_NON_LITERAL_NULL_CONVERSION = YES;
				CLANG_WARN_OBJC_IMPLICIT_RETAIN_SELF = YES;
				CLANG_WARN_OBJC_LITERAL_CONVERSION = YES;
				CLANG_WARN_OBJC_ROOT_CLASS = YES_ERROR;
				CLANG_WARN_QUOTED_INCLUDE_IN_FRAMEWORK_HEADER = YES;
				CLANG_WARN_RANGE_LOOP_ANALYSIS = YES;
				CLANG_WARN_STRICT_PROTOTYPES = YES;
				CLANG_WARN_SUSPICIOUS_MOVE = YES;
				CLANG_WARN_UNGUARDED_AVAILABILITY = YES_AGGRESSIVE;
				CLANG_WARN_UNREACHABLE_CODE = YES;
				CLANG_WARN__DUPLICATE_METHOD_MATCH = YES;
				COPY_PHASE_STRIP = NO;
				CURRENT_PROJECT_VERSION = 1;
				DEBUG_INFORMATION_FORMAT = dwarf;
				ENABLE_STRICT_OBJC_MSGSEND = YES;
				ENABLE_TESTABILITY = YES;
				GCC_C_LANGUAGE_STANDARD = gnu11;
				GCC_DYNAMIC_NO_PIC = NO;
				GCC_NO_COMMON_BLOCKS = YES;
				GCC_OPTIMIZATION_LEVEL = 0;
				GCC_PREPROCESSOR_DEFINITIONS = (
					"$(inherited)",
					"DEBUG=1",
				);
				GCC_WARN_64_TO_32_BIT_CONVERSION = YES;
				GCC_WARN_ABOUT_RETURN_TYPE = YES_ERROR;
				GCC_WARN_UNDECLARED_SELECTOR = YES;
				GCC_WARN_UNINITIALIZED_AUTOS = YES_AGGRESSIVE;
				GCC_WARN_UNUSED_FUNCTION = YES;
				GCC_WARN_UNUSED_VARIABLE = YES;
				MACOSX_DEPLOYMENT_TARGET = 14.0;
				MARKETING_VERSION = 1.0.0;
				MTL_ENABLE_DEBUG_INFO = INCLUDE_SOURCE;
				MTL_FAST_MATH = YES;
				ONLY_ACTIVE_ARCH = NO;
				PRODUCT_NAME = "$(TARGET_NAME)";
				SDKROOT = macosx;
				SWIFT_ACTIVE_COMPILATION_CONDITIONS = DEBUG;
				SWIFT_OPTIMIZATION_LEVEL = "-Onone";
				SWIFT_VERSION = 5.9;
			};
			name = Debug;
		};
		EAF260B57D4EF146248416E2 /* Release */ = {
			isa = XCBuildConfiguration;
			buildSettings = {
				ALWAYS_SEARCH_USER_PATHS = NO;
				ARCHS = arm64;
				CLANG_ANALYZER_NONNULL = YES;
				CLANG_ANALYZER_NUMBER_OBJECT_CONVERSION = YES_AGGRESSIVE;
				CLANG_CXX_LANGUAGE_STANDARD = "gnu++14";
				CLANG_CXX_LIBRARY = "libc++";
				CLANG_ENABLE_MODULES = YES;
				CLANG_ENABLE_OBJC_ARC = YES;
				CLANG_ENABLE_OBJC_WEAK = YES;
				CLANG_WARN_BLOCK_CAPTURE_AUTORELEASING = YES;
				CLANG_WARN_BOOL_CONVERSION = YES;
				CLANG_WARN_COMMA = YES;
				CLANG_WARN_CONSTANT_CONVERSION = YES;
				CLANG_WARN_DEPRECATED_OBJC_IMPLEMENTATIONS = YES;
				CLANG_WARN_DIRECT_OBJC_ISA_USAGE = YES_ERROR;
				CLANG_WARN_DOCUMENTATION_COMMENTS = YES;
				CLANG_WARN_EMPTY_BODY = YES;
				CLANG_WARN_ENUM_CONVERSION = YES;
				CLANG_WARN_INFINITE_RECURSION = YES;
				CLANG_WARN_INT_CONVERSION = YES;
				CLANG_WARN_NON_LITERAL_NULL_CONVERSION = YES;
				CLANG_WARN_OBJC_IMPLICIT_RETAIN_SELF = YES;
				CLANG_WARN_OBJC_LITERAL_CONVERSION = YES;
				CLANG_WARN_OBJC_ROOT_CLASS = YES_ERROR;
				CLANG_WARN_QUOTED_INCLUDE_IN_FRAMEWORK_HEADER = YES;
				CLANG_WARN_RANGE_LOOP_ANALYSIS = YES;
				CLANG_WARN_STRICT_PROTOTYPES = YES;
				CLANG_WARN_SUSPICIOUS_MOVE = YES;
				CLANG_WARN_UNGUARDED_AVAILABILITY = YES_AGGRESSIVE;
				CLANG_WARN_UNREACHABLE_CODE = YES;
				CLANG_WARN__DUPLICATE_METHOD_MATCH = YES;
				COPY_PHASE_STRIP = NO;
				CURRENT_PROJECT_VERSION = 1;
				DEBUG_INFORMATION_FORMAT = "dwarf-with-dsym";
				ENABLE_NS_ASSERTIONS = NO;
				ENABLE_STRICT_OBJC_MSGSEND = YES;
				GCC_C_LANGUAGE_STANDARD = gnu11;
				GCC_NO_COMMON_BLOCKS = YES;
				GCC_WARN_64_TO_32_BIT_CONVERSION = YES;
				GCC_WARN_ABOUT_RETURN_TYPE = YES_ERROR;
				GCC_WARN_UNDECLARED_SELECTOR = YES;
				GCC_WARN_UNINITIALIZED_AUTOS = YES_AGGRESSIVE;
				GCC_WARN_UNUSED_FUNCTION = YES;
				GCC_WARN_UNUSED_VARIABLE = YES;
				MACOSX_DEPLOYMENT_TARGET = 14.0;
				MARKETING_VERSION = 1.0.0;
				MTL_ENABLE_DEBUG_INFO = NO;
				MTL_FAST_MATH = YES;
				ONLY_ACTIVE_ARCH = NO;
				PRODUCT_NAME = "$(TARGET_NAME)";
				SDKROOT = macosx;
				SWIFT_COMPILATION_MODE = wholemodule;
				SWIFT_OPTIMIZATION_LEVEL = "-O";
				SWIFT_VERSION = 5.9;
			};
			name = Release;
		};
/* End XCBuildConfiguration section */

/* Begin XCConfigurationList section */
		3B72F9B675B089E1FA8709DA /* Build configuration list for PBXNativeTarget "Spessu" */ = {
			isa = XCConfigurationList;
			buildConfigurations = (
				0F2C9538AF173DE3A51BC3C5 /* Debug */,
				09DD27B876867C8A10E3210D /* Release */,
			);
			defaultConfigurationIsVisible = 0;
			defaultConfigurationName = Debug;
		};
		B950FC36B463A9D4D2A44F79 /* Build configuration list for PBXProject "Spessu" */ = {
			isa = XCConfigurationList;
			buildConfigurations = (
				5DDBB30134F55569DB1C37C1 /* Debug */,
				EAF260B57D4EF146248416E2 /* Release */,
			);
			defaultConfigurationIsVisible = 0;
			defaultConfigurationName = Debug;
		};
/* End XCConfigurationList section */
	};
	rootObject = 7E3426972DF103E9BCF85E0A /* Project object */;
}
